
Microsoft Visual Studio Solution File, Format Version 12.00
# Visual Studio Version 16
VisualStudioVersion = 16.0.32901.82
MinimumVisualStudioVersion = 10.0.40219.1
Project("{FAE04EC0-301F-11D3-BF4B-00C04F79EFBC}") = "Loops_Sadler_Madison", "Loops_Sadler_Madison\Loops_Sadler_Madison.csproj", "{680178A5-C83C-4358-BD77-A5F6E29DCDD2}"
EndProject
Global
	GlobalSection(SolutionConfigurationPlatforms) = preSolution
		Debug|Any CPU = Debug|Any CPU
		Release|Any CPU = Release|Any CPU
	EndGlobalSection
	GlobalSection(ProjectConfigurationPlatforms) = postSolution
		{680178A5-C83C-4358-BD77-A5F6E29DCDD2}.Debug|Any CPU.ActiveCfg = Debug|Any CPU
		{680178A5-C83C-4358-BD77-A5F6E29DCDD2}.Debug|Any CPU.Build.0 = Debug|Any CPU
		{680178A5-C83C-4358-BD77-A5F6E29DCDD2}.Release|Any CPU.ActiveCfg = Release|Any CPU
		{680178A5-C83C-4358-BD77-A5F6E29DCDD2}.Release|Any CPU.Build.0 = Release|Any CPU
	EndGlobalSection
	GlobalSection(SolutionProperties) = preSolution
		HideSolutionNode = FALSE
	EndGlobalSection
	GlobalSection(ExtensibilityGlobals) = postSolution
		SolutionGuid = {54274862-6F7E-4CBD-A5A0-0F7171062A41}
	EndGlobalSection
EndGlobal
